{
  "name": "hls",
  "version": "1.0.0",
  "lockfileVersion": 1,
  "requires": true,
  "dependencies": {
    "hls-server": {
      "version": "1.5.0",
      "resolved": "https://registry.npmmirror.com/hls-server/-/hls-server-1.5.0.tgz",
      "integrity": "sha512-uDTPyuNvHjd5KkK/Zmm6vAWERdRp0l8rlkfSO56KcJGsEfFMwVcgkzbScTmrV+kuOq9FznWf9ze9pprtGEletA==",
      "requires": {
        "http-attach": "^1.0.0",
        "minimist": "^1.2.0"
      }
    },
    "http-attach": {
      "version": "1.0.0",
      "resolved": "https://registry.npmmirror.com/http-attach/-/http-attach-1.0.0.tgz",
      "integrity": "sha512-RWbYNCz3ybfIvjbELCaLD3eh01yKmqro/hoCzBFiUCoHZfb6FdNeSalYjMInVGsM0cj7M8DmXf290sWFJLsz4w=="
    },
    "minimist": {
      "version": "1.2.5",
      "resolved": "https://registry.npmmirror.com/minimist/-/minimist-1.2.5.tgz",
      "integrity": "sha512-FM9nNUYrRBAELZQT3xeZQ7fmMOBg6nWNmJKTcgsJeaLstP/UODVpGsr5OhXhhXg6f+qtJ8uiZ+PUxkDWcgIXLw=="
    }
  }
}
